# This file is autogenerated, do not edit; changes may be undone by the next 'dep ensure'.


[[projects]]
  digest = "1:d0332b7ef01a7935d9368f08fbf5e27386eebf400be77d3cfed1314fb1531cdb"
  name = "cloud.google.com/go"
  packages = [
    "compute/metadata",
    "container/apiv1",
    "internal/version",
    "monitoring/apiv3",
    "trace/apiv2",
  ]
  pruneopts = ""
  revision = "cf81fad90a1a1de334c4fc27e23eb9a4224b627a"
  version = "v0.41.0"

[[projects]]
  digest = "1:5d78f4afd8b9a5a02030a4a6f697ffcc82ae3c8108b3e93cb7340982d548f58f"
  name = "contrib.go.opencensus.io/exporter/prometheus"
  packages = ["."]
  pruneopts = ""
  revision = "f4a2c1e53ec45636355d35fb9022b64e4bdd4a91"
  version = "v0.1.0"

[[projects]]
  digest = "1:83127187e1cbeb11c01aa1401479f8950583fd2c54e6c30c97e95020fd9ab75c"
  name = "contrib.go.opencensus.io/exporter/stackdriver"
  packages = [
    ".",
    "monitoredresource",
  ]
  pruneopts = ""
  revision = "68e3d742b03c099c35428443886e65d9587c8d76"
  version = "v0.12.2"

[[projects]]
  digest = "1:06a3d6c930263524e16e4c0b4b6cf461f83ffcb468864a18f537ce19a44e5de4"
  name = "github.com/aws/aws-sdk-go"
  packages = [
    "aws",
    "aws/awserr",
    "aws/awsutil",
    "aws/client",
    "aws/client/metadata",
    "aws/corehandlers",
    "aws/credentials",
    "aws/credentials/ec2rolecreds",
    "aws/credentials/endpointcreds",
    "aws/credentials/processcreds",
    "aws/credentials/stscreds",
    "aws/csm",
    "aws/defaults",
    "aws/ec2metadata",
    "aws/endpoints",
    "aws/request",
    "aws/session",
    "aws/signer/v4",
    "internal/ini",
    "internal/sdkio",
    "internal/sdkrand",
    "internal/sdkuri",
    "internal/shareddefaults",
    "private/protocol",
    "private/protocol/json/jsonutil",
    "private/protocol/query",
    "private/protocol/query/queryutil",
    "private/protocol/rest",
    "private/protocol/xml/xmlutil",
    "service/sts",
  ]
  pruneopts = ""
  revision = "420cda5d6383f94f7d9c231aa44bad3325181950"
  version = "v1.20.20"

[[projects]]
  digest = "1:0d3deb8a6da8ffba5635d6fb1d2144662200def6c9d82a35a6d05d6c2d4a48f9"
  name = "github.com/beorn7/perks"
  packages = ["quantile"]
  pruneopts = ""
  revision = "4b2b341e8d7715fae06375aa633dbb6e91b3fb46"
  version = "v1.0.0"

[[projects]]
  digest = "1:10139b9c841acd336ceff02e8a85e0c558dee738b2277bb24d61d9d3c90ef1f2"
  name = "github.com/census-instrumentation/opencensus-proto"
  packages = [
    "gen-go/agent/common/v1",
    "gen-go/metrics/v1",
    "gen-go/resource/v1",
  ]
  pruneopts = ""
  revision = "a105b96453fe85139acc07b68de48f2cbdd71249"
  version = "v0.2.0"

[[projects]]
  digest = "1:502725417249e86a000932108df22d20dbc0b74219b8745062e469057567c48f"
  name = "github.com/cloudevents/sdk-go"
  packages = [
    ".",
    "pkg/cloudevents",
    "pkg/cloudevents/client",
    "pkg/cloudevents/codec",
    "pkg/cloudevents/context",
    "pkg/cloudevents/datacodec",
    "pkg/cloudevents/datacodec/json",
    "pkg/cloudevents/datacodec/xml",
    "pkg/cloudevents/observability",
    "pkg/cloudevents/transport",
    "pkg/cloudevents/transport/http",
    "pkg/cloudevents/types",
  ]
  pruneopts = ""
  revision = "56931988abe3adf6792b5c6e575ee5f573e9ccbc"
  version = "0.7.0"

[[projects]]
  digest = "1:0deddd908b6b4b768cfc272c16ee61e7088a60f7fe2f06c547bd3d8e1f8b8e77"
  name = "github.com/davecgh/go-spew"
  packages = ["spew"]
  pruneopts = ""
  revision = "8991bc29aa16c548c550c7ff78260e27b9ab7c73"
  version = "v1.1.1"

[[projects]]
  digest = "1:46ddeb9dd35d875ac7568c4dc1fc96ce424e034bdbb984239d8ffc151398ec01"
  name = "github.com/evanphx/json-patch"
  packages = ["."]
  pruneopts = ""
  revision = "026c730a0dcc5d11f93f1cf1cc65b01247ea7b6f"
  version = "v4.5.0"

[[projects]]
  digest = "1:b13707423743d41665fd23f0c36b2f37bb49c30e94adb813319c44188a51ba22"
  name = "github.com/ghodss/yaml"
  packages = ["."]
  pruneopts = ""
  revision = "0ca9ea5df5451ffdf184b4428c902747c2c11cd7"
  version = "v1.0.0"

[[projects]]
  digest = "1:65587005c6fa4293c0b8a2e457e689df7fda48cc5e1f5449ea2c1e7784551558"
  name = "github.com/go-logr/logr"
  packages = ["."]
  pruneopts = ""
  revision = "9fb12b3b21c5415d16ac18dc5cd42c1cfdd40c4e"
  version = "v0.1.0"

[[projects]]
  digest = "1:d81dfed1aa731d8e4a45d87154ec15ef18da2aa80fa9a2f95bec38577a244a99"
  name = "github.com/go-logr/zapr"
  packages = ["."]
  pruneopts = ""
  revision = "03f06a783fbb7dfaf3f629c7825480e43a7105e6"
  version = "v0.1.1"

[[projects]]
  digest = "1:fd53b471edb4c28c7d297f617f4da0d33402755f58d6301e7ca1197ef0a90937"
  name = "github.com/gogo/protobuf"
  packages = [
    "proto",
    "sortkeys",
  ]
  pruneopts = ""
  revision = "ba06b47c162d49f2af050fb4c75bcbc86a159d5c"
  version = "v1.2.1"

[[projects]]
  branch = "master"
  digest = "1:107b233e45174dbab5b1324201d092ea9448e58243ab9f039e4c0f332e121e3a"
  name = "github.com/golang/glog"
  packages = ["."]
  pruneopts = ""
  revision = "23def4e6c14b4da8ac2ed8007337bc5eb5007998"

[[projects]]
  branch = "master"
  digest = "1:e1822d37be8e11e101357a27170527b1056c99182407f270e080f76409adbd9a"
  name = "github.com/golang/groupcache"
  packages = ["lru"]
  pruneopts = ""
  revision = "869f871628b6baa9cfbc11732cdf6546b17c1298"

[[projects]]
  digest = "1:b852d2b62be24e445fcdbad9ce3015b44c207815d631230dfce3f14e7803f5bf"
  name = "github.com/golang/protobuf"
  packages = [
    "proto",
    "protoc-gen-go/descriptor",
    "ptypes",
    "ptypes/any",
    "ptypes/duration",
    "ptypes/empty",
    "ptypes/struct",
    "ptypes/timestamp",
    "ptypes/wrappers",
  ]
  pruneopts = ""
  revision = "6c65a5562fc06764971b7c5d05c76c75e84bdbf7"
  version = "v1.3.2"

[[projects]]
  digest = "1:1e5b1e14524ed08301977b7b8e10c719ed853cbf3f24ecb66fae783a46f207a6"
  name = "github.com/google/btree"
  packages = ["."]
  pruneopts = ""
  revision = "4030bb1f1f0c35b30ca7009e9ebd06849dd45306"
  version = "v1.0.0"

[[projects]]
  digest = "1:4c7b0fbaba9c61f310f3c5b34d7fbafad0b245a0cb94e2da7aed5c97600d84db"
  name = "github.com/google/go-cmp"
  packages = [
    "cmp",
    "cmp/cmpopts",
    "cmp/internal/diff",
    "cmp/internal/flags",
    "cmp/internal/function",
    "cmp/internal/value",
  ]
  pruneopts = ""
  revision = "6f77996f0c42f7b84e5a2b252227263f93432e9b"

[[projects]]
  digest = "1:cea4aa2038169ee558bf507d5ea02c94ca85bcca28a4c7bb99fd59b31e43a686"
  name = "github.com/google/go-querystring"
  packages = ["query"]
  pruneopts = ""
  revision = "44c6ddd0a2342c386950e880b658017258da92fc"
  version = "v1.0.0"

[[projects]]
  digest = "1:8d4a577a9643f713c25a32151c0f26af7228b4b97a219b5ddb7fd38d16f6e673"
  name = "github.com/google/gofuzz"
  packages = ["."]
  pruneopts = ""
  revision = "f140a6486e521aad38f5917de355cbf147cc0496"
  version = "v1.0.0"

[[projects]]
  branch = "master"
  digest = "1:c55275561cb75b111eac26a90ec5812332d2b638be7b901b427b42617a9954b0"
  name = "github.com/google/licenseclassifier"
  packages = [
    ".",
    "internal/sets",
    "stringclassifier",
    "stringclassifier/internal/pq",
    "stringclassifier/searchset",
    "stringclassifier/searchset/tokenizer",
  ]
  pruneopts = ""
  revision = "c3068f13fcc3961fd05f96f13c8250e350db4209"

[[projects]]
  digest = "1:ad92aa49f34cbc3546063c7eb2cabb55ee2278b72842eda80e2a20a8a06a8d73"
  name = "github.com/google/uuid"
  packages = ["."]
  pruneopts = ""
  revision = "0cd6bf5da1e1c83f8b45653022c74f71af0538a4"
  version = "v1.1.1"

[[projects]]
  digest = "1:6120f027b9d68ef460b8731e27b0dcf2017f80605c17eb0b4cc151866ba38f6d"
  name = "github.com/googleapis/gax-go"
  packages = ["v2"]
  pruneopts = ""
  revision = "bd5b16380fd03dc758d11cef74ba2e3bc8b0e8c2"
  version = "v2.0.5"

[[projects]]
  digest = "1:5facc3828b6a56f9aec988433ea33fb4407a89460952ed75be5347cec07318c0"
  name = "github.com/googleapis/gnostic"
  packages = [
    "OpenAPIv2",
    "compiler",
    "extensions",
  ]
  pruneopts = ""
  revision = "e73c7ec21d36ddb0711cb36d1502d18363b5c2c9"
  version = "v0.3.0"

[[projects]]
  branch = "master"
  digest = "1:e1fd67b5695fb12f54f979606c5d650a5aa72ef242f8e71072bfd4f7b5a141a0"
  name = "github.com/gregjones/httpcache"
  packages = [
    ".",
    "diskcache",
  ]
  pruneopts = ""
  revision = "901d90724c7919163f472a9812253fb26761123d"

[[projects]]
  digest = "1:85f8f8d390a03287a563e215ea6bd0610c858042731a8b42062435a0dcbc485f"
  name = "github.com/hashicorp/golang-lru"
  packages = [
    ".",
    "simplelru",
  ]
  pruneopts = ""
  revision = "7087cb70de9f7a8bc0a10c375cb0d2280a8edf9c"
  version = "v0.5.1"

[[projects]]
  digest = "1:31bfd110d31505e9ffbc9478e31773bf05bf02adcaeb9b139af42684f9294c13"
  name = "github.com/imdario/mergo"
  packages = ["."]
  pruneopts = ""
  revision = "7c29201646fa3de8506f701213473dd407f19646"
  version = "v0.3.7"

[[projects]]
  digest = "1:13fe471d0ed891e8544eddfeeb0471fd3c9f2015609a1c000aefdedf52a19d40"
  name = "github.com/jmespath/go-jmespath"
  packages = ["."]
  pruneopts = ""
  revision = "c2b33e84"

[[projects]]
  digest = "1:12d3de2c11e54ea37d7f00daf85088ad5e61ec4e8a1f828d6c8b657976856be7"
  name = "github.com/json-iterator/go"
  packages = ["."]
  pruneopts = ""
  revision = "0ff49de124c6f76f8494e194af75bde0f1a49a29"
  version = "v1.1.6"

[[projects]]
  digest = "1:45b8886c1013bd9a41127b86581f14c332785c4ad09c163e015618fc4256ac5e"
  name = "github.com/knative/eventing-sources"
  packages = ["pkg/kncloudevents"]
  pruneopts = ""
  revision = "eca6ce938368fc93bc3eb84537ff78b11c1b56f8"
  version = "v0.7.1"

[[projects]]
  digest = "1:1f1ea1b91f4cb5c1e2a37e4a7962891a5aeb9b808441248fa51f249852e1eb87"
  name = "github.com/knative/pkg"
  packages = [
    "apis",
    "apis/duck",
    "apis/duck/v1alpha1",
    "changeset",
    "kmp",
    "logging",
    "logging/logkey",
  ]
  pruneopts = ""
  revision = "52709ba13d9b77473fe37f2481312a62f63a7d6d"

[[projects]]
  branch = "master"
  digest = "1:f7b96b4442417b443f98e42e8cb0793063936bff9356b9b857ee6f8f1d78c2d6"
  name = "github.com/knative/test-infra"
  packages = [
    "scripts",
    "tools/dep-collector",
  ]
  pruneopts = ""
  revision = "81861c7c2060af68e3dbdc72bcd3a2f0584566d2"

[[projects]]
  branch = "master"
  digest = "1:58050e2bc9621cc6b68c1da3e4a0d1c40ad1f89062b9855c26521fd42a97a106"
  name = "github.com/mattbaird/jsonpatch"
  packages = ["."]
  pruneopts = ""
  revision = "81af80346b1a01caae0cbc27fd3c1ba5b11e189f"

[[projects]]
  digest = "1:63722a4b1e1717be7b98fc686e0b30d5e7f734b9e93d7dee86293b6deab7ea28"
  name = "github.com/matttproud/golang_protobuf_extensions"
  packages = ["pbutil"]
  pruneopts = ""
  revision = "c12348ce28de40eed0136aa2b644d0ee0650e56c"
  version = "v1.0.1"

[[projects]]
  digest = "1:0c0ff2a89c1bb0d01887e1dac043ad7efbf3ec77482ef058ac423d13497e16fd"
  name = "github.com/modern-go/concurrent"
  packages = ["."]
  pruneopts = ""
  revision = "bacd9c7ef1dd9b15be4a9909b8ac7a4e313eec94"
  version = "1.0.3"

[[projects]]
  digest = "1:e32bdbdb7c377a07a9a46378290059822efdce5c8d96fe71940d87cb4f918855"
  name = "github.com/modern-go/reflect2"
  packages = ["."]
  pruneopts = ""
  revision = "4b7aa43c6742a2c18fdef89dd197aaae7dac7ccd"
  version = "1.0.1"

[[projects]]
  digest = "1:a5484d4fa43127138ae6e7b2299a6a52ae006c7f803d98d717f60abf3e97192e"
  name = "github.com/pborman/uuid"
  packages = ["."]
  pruneopts = ""
  revision = "adf5a7427709b9deb95d29d3fa8a2bf9cfd388f1"
  version = "v1.2"

[[projects]]
  branch = "master"
  digest = "1:5f0faa008e8ff4221b55a1a5057c8b02cb2fd68da6a65c9e31c82b72cbc836d0"
  name = "github.com/petar/GoLLRB"
  packages = ["llrb"]
  pruneopts = ""
  revision = "33fb24c13b99c46c93183c291836c573ac382536"

[[projects]]
  digest = "1:4709c61d984ef9ba99b037b047546d8a576ae984fb49486e48d99658aa750cd5"
  name = "github.com/peterbourgon/diskv"
  packages = ["."]
  pruneopts = ""
  revision = "0be1b92a6df0e4f5cb0a5d15fb7f643d0ad93ce6"
  version = "v3.0.0"

[[projects]]
  digest = "1:1d7e1867c49a6dd9856598ef7c3123604ea3daabf5b83f303ff457bcbc410b1d"
  name = "github.com/pkg/errors"
  packages = ["."]
  pruneopts = ""
  revision = "ba968bfe8b2f7e042a574c888954fccecfa385b4"
  version = "v0.8.1"

[[projects]]
  digest = "1:c826496cad27bd9a7644a01230a79d472b4093dd33587236e8f8369bb1d8534e"
  name = "github.com/prometheus/client_golang"
  packages = [
    "prometheus",
    "prometheus/internal",
    "prometheus/promhttp",
  ]
  pruneopts = ""
  revision = "2641b987480bca71fb39738eb8c8b0d577cb1d76"
  version = "v0.9.4"

[[projects]]
  branch = "master"
  digest = "1:cd67319ee7536399990c4b00fae07c3413035a53193c644549a676091507cadc"
  name = "github.com/prometheus/client_model"
  packages = ["go"]
  pruneopts = ""
  revision = "fd36f4220a901265f90734c3183c5f0c91daa0b8"

[[projects]]
  digest = "1:0f2cee44695a3208fe5d6926076641499c72304e6f015348c9ab2df90a202cdf"
  name = "github.com/prometheus/common"
  packages = [
    "expfmt",
    "internal/bitbucket.org/ww/goautoneg",
    "model",
  ]
  pruneopts = ""
  revision = "31bed53e4047fd6c510e43a941f90cb31be0972a"
  version = "v0.6.0"

[[projects]]
  digest = "1:9b33e539d6bf6e4453668a847392d1e9e6345225ea1426f9341212c652bcbee4"
  name = "github.com/prometheus/procfs"
  packages = [
    ".",
    "internal/fs",
  ]
  pruneopts = ""
  revision = "3f98efb27840a48a7a2898ec80be07674d19f9c8"
  version = "v0.0.3"

[[projects]]
  digest = "1:3962f553b77bf6c03fc07cd687a22dd3b00fe11aa14d31194f5505f5bb65cdc8"
  name = "github.com/sergi/go-diff"
  packages = ["diffmatchpatch"]
  pruneopts = ""
  revision = "1744e2970ca51c86172c8190fadad617561ed6e7"
  version = "v1.0.0"

[[projects]]
  digest = "1:cbaf13cdbfef0e4734ed8a7504f57fe893d471d62a35b982bf6fb3f036449a66"
  name = "github.com/spf13/pflag"
  packages = ["."]
  pruneopts = ""
  revision = "298182f68c66c05229eb03ac171abe6e309ee79a"
  version = "v1.0.3"

[[projects]]
  digest = "1:2143eb0bf9993b88fbe404d64dfcd5d8a9c102f32330c36c25670d2a6e582792"
  name = "github.com/xanzy/go-gitlab"
  packages = ["."]
  pruneopts = ""
  revision = "ee3313ca5478c4786248d63dd75e4cd8e1fad2db"
  version = "v0.19.0"

[[projects]]
  digest = "1:15322677d41c39ba767c0bcfe258fe2ffeeb1c355069674788418bf9c507e811"
  name = "go.opencensus.io"
  packages = [
    ".",
    "internal",
    "internal/tagencoding",
    "metric/metricdata",
    "metric/metricexport",
    "metric/metricproducer",
    "plugin/ocgrpc",
    "plugin/ochttp",
    "plugin/ochttp/propagation/b3",
    "resource",
    "resource/resourcekeys",
    "stats",
    "stats/internal",
    "stats/view",
    "tag",
    "trace",
    "trace/internal",
    "trace/propagation",
    "trace/tracestate",
  ]
  pruneopts = ""
  revision = "9c377598961b706d1542bd2d84d538b5094d596e"
  version = "v0.22.0"

[[projects]]
  digest = "1:e6ff7840319b6fda979a918a8801005ec2049abca62af19211d96971d8ec3327"
  name = "go.uber.org/atomic"
  packages = ["."]
  pruneopts = ""
  revision = "df976f2515e274675050de7b3f42545de80594fd"
  version = "v1.4.0"

[[projects]]
  digest = "1:22c7effcb4da0eacb2bb1940ee173fac010e9ef3c691f5de4b524d538bd980f5"
  name = "go.uber.org/multierr"
  packages = ["."]
  pruneopts = ""
  revision = "3c4937480c32f4c13a875a1829af76c98ca3d40a"
  version = "v1.1.0"

[[projects]]
  digest = "1:984e93aca9088b440b894df41f2043b6a3db8f9cf30767032770bfc4796993b0"
  name = "go.uber.org/zap"
  packages = [
    ".",
    "buffer",
    "internal/bufferpool",
    "internal/color",
    "internal/exit",
    "zapcore",
  ]
  pruneopts = ""
  revision = "27376062155ad36be76b0f12cf1572a221d3a48c"
  version = "v1.10.0"

[[projects]]
  branch = "master"
  digest = "1:086760278d762dbb0e9a26e09b57f04c89178c86467d8d94fae47d64c222f328"
  name = "golang.org/x/crypto"
  packages = ["ssh/terminal"]
  pruneopts = ""
  revision = "4def268fd1a49955bfb3dda92fe3db4f924f2285"

[[projects]]
  branch = "master"
  digest = "1:31cd6e3c114e17c5f0c9e8b0bcaa3025ab3c221ce36323c7ce1acaa753d0d0aa"
  name = "golang.org/x/net"
  packages = [
    "context",
    "context/ctxhttp",
    "http/httpguts",
    "http2",
    "http2/hpack",
    "idna",
    "internal/timeseries",
    "trace",
  ]
  pruneopts = ""
  revision = "da137c7871d730100384dbcf36e6f8fa493aef5b"

[[projects]]
  branch = "master"
  digest = "1:01bdbbc604dcd5afb6f66a717f69ad45e9643c72d5bc11678d44ffa5c50f9e42"
  name = "golang.org/x/oauth2"
  packages = [
    ".",
    "google",
    "internal",
    "jws",
    "jwt",
  ]
  pruneopts = ""
  revision = "0f29369cfe4552d0e4bcddc57cc75f4d7e672a33"

[[projects]]
  branch = "master"
  digest = "1:9f6efefb4e401a4f699a295d14518871368eb89403f2dd23ec11dfcd2c0836ba"
  name = "golang.org/x/sync"
  packages = ["semaphore"]
  pruneopts = ""
  revision = "112230192c580c3556b8cee6403af37a4fc5f28c"

[[projects]]
  branch = "master"
  digest = "1:8d8dab33e614e3839a47bbb340189458c28c58e60655023d20eeb92b7300768a"
  name = "golang.org/x/sys"
  packages = [
    "unix",
    "windows",
  ]
  pruneopts = ""
  revision = "fae7ac547cb717d141c433a2a173315e216b64c4"

[[projects]]
  digest = "1:740b51a55815493a8d0f2b1e0d0ae48fe48953bf7eaf3fcc4198823bf67768c0"
  name = "golang.org/x/text"
  packages = [
    "collate",
    "collate/build",
    "internal/colltab",
    "internal/gen",
    "internal/language",
    "internal/language/compact",
    "internal/tag",
    "internal/triegen",
    "internal/ucd",
    "language",
    "secure/bidirule",
    "transform",
    "unicode/bidi",
    "unicode/cldr",
    "unicode/norm",
    "unicode/rangetable",
  ]
  pruneopts = ""
  revision = "342b2e1fbaa52c93f31447ad2c6abc048c63e475"
  version = "v0.3.2"

[[projects]]
  branch = "master"
  digest = "1:9522af4be529c108010f95b05f1022cb872f2b9ff8b101080f554245673466e1"
  name = "golang.org/x/time"
  packages = ["rate"]
  pruneopts = ""
  revision = "9d24e82272b4f38b78bc8cff74fa936d31ccd8ef"

[[projects]]
  branch = "master"
  digest = "1:d50659c2a6cc790038e2a11fcd991491c73fbf1020a7bac5b228a0b0cad21fb4"
  name = "golang.org/x/tools"
  packages = [
    "go/ast/astutil",
    "go/gcexportdata",
    "go/internal/gcimporter",
    "go/internal/packagesdriver",
    "go/packages",
    "go/types/typeutil",
    "imports",
    "internal/fastwalk",
    "internal/gopathwalk",
    "internal/imports",
    "internal/module",
    "internal/semver",
  ]
  pruneopts = ""
  revision = "e98af230987614b97d20a34f8062bf3fa0fe2376"

[[projects]]
  branch = "master"
  digest = "1:7a7842b2a1931c6bfd5e83c1f52a4d4a6dfb7483245143b1db8189569ff8d491"
  name = "google.golang.org/api"
  packages = [
    "googleapi/transport",
    "internal",
    "iterator",
    "option",
    "support/bundler",
    "transport",
    "transport/grpc",
    "transport/http",
    "transport/http/internal/propagation",
  ]
  pruneopts = ""
  revision = "aa15faf3c8a1cffc77fc3dabe95703bb12c5f6a9"

[[projects]]
  digest = "1:47f391ee443f578f01168347818cb234ed819521e49e4d2c8dd2fb80d48ee41a"
  name = "google.golang.org/appengine"
  packages = [
    ".",
    "internal",
    "internal/app_identity",
    "internal/base",
    "internal/datastore",
    "internal/log",
    "internal/modules",
    "internal/remote_api",
    "internal/socket",
    "internal/urlfetch",
    "socket",
    "urlfetch",
  ]
  pruneopts = ""
  revision = "b2f4a3cf3c67576a2ee09e1fe62656a5086ce880"
  version = "v1.6.1"

[[projects]]
  branch = "master"
  digest = "1:53a69ca05e2f34d0d6e5cc02d2d3b0c0f815628965757fb5aaf04aa83ca5cc07"
  name = "google.golang.org/genproto"
  packages = [
    "googleapis/api",
    "googleapis/api/annotations",
    "googleapis/api/distribution",
    "googleapis/api/label",
    "googleapis/api/metric",
    "googleapis/api/monitoredres",
    "googleapis/container/v1",
    "googleapis/devtools/cloudtrace/v2",
    "googleapis/monitoring/v3",
    "googleapis/rpc/status",
    "protobuf/field_mask",
  ]
  pruneopts = ""
  revision = "c506a9f9061087022822e8da603a52fc387115a8"

[[projects]]
  digest = "1:3608095d1dc06a2ff2e6f0476c9cc9584dd8e4b64151fed41a3663b9033a8b63"
  name = "google.golang.org/grpc"
  packages = [
    ".",
    "balancer",
    "balancer/base",
    "balancer/grpclb",
    "balancer/grpclb/grpc_lb_v1",
    "balancer/roundrobin",
    "binarylog/grpc_binarylog_v1",
    "codes",
    "connectivity",
    "credentials",
    "credentials/alts",
    "credentials/alts/internal",
    "credentials/alts/internal/authinfo",
    "credentials/alts/internal/conn",
    "credentials/alts/internal/handshaker",
    "credentials/alts/internal/handshaker/service",
    "credentials/alts/internal/proto/grpc_gcp",
    "credentials/google",
    "credentials/internal",
    "credentials/oauth",
    "encoding",
    "encoding/proto",
    "grpclog",
    "internal",
    "internal/backoff",
    "internal/balancerload",
    "internal/binarylog",
    "internal/channelz",
    "internal/envconfig",
    "internal/grpcrand",
    "internal/grpcsync",
    "internal/syscall",
    "internal/transport",
    "keepalive",
    "metadata",
    "naming",
    "peer",
    "resolver",
    "resolver/dns",
    "resolver/passthrough",
    "serviceconfig",
    "stats",
    "status",
    "tap",
  ]
  pruneopts = ""
  revision = "1d89a3c832915b2314551c1d2a506874d62e53f7"
  version = "v1.22.0"

[[projects]]
  digest = "1:9a9df60badda761f58ae62146db44a94875fb6c2c2bfd9a111d4641ee4df17db"
  name = "gopkg.in/go-playground/webhooks.v5"
  packages = ["gitlab"]
  pruneopts = ""
  revision = "2c25dbce5e57905b8183f9de7651c085d35dc4e3"
  version = "v5.12.0"

[[projects]]
  digest = "1:75fb3fcfc73a8c723efde7777b40e8e8ff9babf30d8c56160d01beffea8a95a6"
  name = "gopkg.in/inf.v0"
  packages = ["."]
  pruneopts = ""
  revision = "d2d2541c53f18d2a059457998ce2876cc8e67cbf"
  version = "v0.9.1"

[[projects]]
  digest = "1:cedccf16b71e86db87a24f8d4c70b0a855872eb967cb906a66b95de56aefbd0d"
  name = "gopkg.in/yaml.v2"
  packages = ["."]
  pruneopts = ""
  revision = "51d6538a90f86fe93ac480b35f37b2be17fef232"
  version = "v2.2.2"

[[projects]]
  digest = "1:17bb4953b1b4d62ee3be14aaaae02766c0ba3697f76374538592d6819c6c515a"
  name = "k8s.io/api"
  packages = [
    "admission/v1beta1",
    "admissionregistration/v1alpha1",
    "admissionregistration/v1beta1",
    "apps/v1",
    "apps/v1beta1",
    "apps/v1beta2",
    "authentication/v1",
    "authentication/v1beta1",
    "authorization/v1",
    "authorization/v1beta1",
    "autoscaling/v1",
    "autoscaling/v2beta1",
    "autoscaling/v2beta2",
    "batch/v1",
    "batch/v1beta1",
    "batch/v2alpha1",
    "certificates/v1beta1",
    "coordination/v1beta1",
    "core/v1",
    "events/v1beta1",
    "extensions/v1beta1",
    "networking/v1",
    "policy/v1beta1",
    "rbac/v1",
    "rbac/v1alpha1",
    "rbac/v1beta1",
    "scheduling/v1alpha1",
    "scheduling/v1beta1",
    "settings/v1alpha1",
    "storage/v1",
    "storage/v1alpha1",
    "storage/v1beta1",
  ]
  pruneopts = ""
  revision = "145d52631d00cbfe68490d19ae4f0f501fd31a95"
  version = "kubernetes-1.12.6"

[[projects]]
  digest = "1:9c7ee6fe7b8b621df5a7604e9a1f752b566ae451b2cf010c9c075e5e5ff81f56"
  name = "k8s.io/apimachinery"
  packages = [
    "pkg/api/equality",
    "pkg/api/errors",
    "pkg/api/meta",
    "pkg/api/resource",
    "pkg/api/validation",
    "pkg/apis/meta/internalversion",
    "pkg/apis/meta/v1",
    "pkg/apis/meta/v1/unstructured",
    "pkg/apis/meta/v1/validation",
    "pkg/apis/meta/v1beta1",
    "pkg/conversion",
    "pkg/conversion/queryparams",
    "pkg/fields",
    "pkg/labels",
    "pkg/runtime",
    "pkg/runtime/schema",
    "pkg/runtime/serializer",
    "pkg/runtime/serializer/json",
    "pkg/runtime/serializer/protobuf",
    "pkg/runtime/serializer/recognizer",
    "pkg/runtime/serializer/streaming",
    "pkg/runtime/serializer/versioning",
    "pkg/selection",
    "pkg/types",
    "pkg/util/cache",
    "pkg/util/clock",
    "pkg/util/diff",
    "pkg/util/errors",
    "pkg/util/framer",
    "pkg/util/intstr",
    "pkg/util/json",
    "pkg/util/mergepatch",
    "pkg/util/naming",
    "pkg/util/net",
    "pkg/util/runtime",
    "pkg/util/sets",
    "pkg/util/strategicpatch",
    "pkg/util/uuid",
    "pkg/util/validation",
    "pkg/util/validation/field",
    "pkg/util/wait",
    "pkg/util/yaml",
    "pkg/version",
    "pkg/watch",
    "third_party/forked/golang/json",
    "third_party/forked/golang/reflect",
  ]
  pruneopts = ""
  revision = "01f179d85dbce0f2e0e4351a92394b38694b7cae"
  version = "kubernetes-1.12.6"

[[projects]]
  digest = "1:9d053e78873f943d202114f2c1e2ba81479591125e92c596e564e04f5172d218"
  name = "k8s.io/client-go"
  packages = [
    "discovery",
    "discovery/fake",
    "dynamic",
    "informers",
    "informers/admissionregistration",
    "informers/admissionregistration/v1alpha1",
    "informers/admissionregistration/v1beta1",
    "informers/apps",
    "informers/apps/v1",
    "informers/apps/v1beta1",
    "informers/apps/v1beta2",
    "informers/autoscaling",
    "informers/autoscaling/v1",
    "informers/autoscaling/v2beta1",
    "informers/autoscaling/v2beta2",
    "informers/batch",
    "informers/batch/v1",
    "informers/batch/v1beta1",
    "informers/batch/v2alpha1",
    "informers/certificates",
    "informers/certificates/v1beta1",
    "informers/coordination",
    "informers/coordination/v1beta1",
    "informers/core",
    "informers/core/v1",
    "informers/events",
    "informers/events/v1beta1",
    "informers/extensions",
    "informers/extensions/v1beta1",
    "informers/internalinterfaces",
    "informers/networking",
    "informers/networking/v1",
    "informers/policy",
    "informers/policy/v1beta1",
    "informers/rbac",
    "informers/rbac/v1",
    "informers/rbac/v1alpha1",
    "informers/rbac/v1beta1",
    "informers/scheduling",
    "informers/scheduling/v1alpha1",
    "informers/scheduling/v1beta1",
    "informers/settings",
    "informers/settings/v1alpha1",
    "informers/storage",
    "informers/storage/v1",
    "informers/storage/v1alpha1",
    "informers/storage/v1beta1",
    "kubernetes",
    "kubernetes/scheme",
    "kubernetes/typed/admissionregistration/v1alpha1",
    "kubernetes/typed/admissionregistration/v1beta1",
    "kubernetes/typed/apps/v1",
    "kubernetes/typed/apps/v1beta1",
    "kubernetes/typed/apps/v1beta2",
    "kubernetes/typed/authentication/v1",
    "kubernetes/typed/authentication/v1beta1",
    "kubernetes/typed/authorization/v1",
    "kubernetes/typed/authorization/v1beta1",
    "kubernetes/typed/autoscaling/v1",
    "kubernetes/typed/autoscaling/v2beta1",
    "kubernetes/typed/autoscaling/v2beta2",
    "kubernetes/typed/batch/v1",
    "kubernetes/typed/batch/v1beta1",
    "kubernetes/typed/batch/v2alpha1",
    "kubernetes/typed/certificates/v1beta1",
    "kubernetes/typed/coordination/v1beta1",
    "kubernetes/typed/core/v1",
    "kubernetes/typed/events/v1beta1",
    "kubernetes/typed/extensions/v1beta1",
    "kubernetes/typed/networking/v1",
    "kubernetes/typed/policy/v1beta1",
    "kubernetes/typed/rbac/v1",
    "kubernetes/typed/rbac/v1alpha1",
    "kubernetes/typed/rbac/v1beta1",
    "kubernetes/typed/scheduling/v1alpha1",
    "kubernetes/typed/scheduling/v1beta1",
    "kubernetes/typed/settings/v1alpha1",
    "kubernetes/typed/storage/v1",
    "kubernetes/typed/storage/v1alpha1",
    "kubernetes/typed/storage/v1beta1",
    "listers/admissionregistration/v1alpha1",
    "listers/admissionregistration/v1beta1",
    "listers/apps/v1",
    "listers/apps/v1beta1",
    "listers/apps/v1beta2",
    "listers/autoscaling/v1",
    "listers/autoscaling/v2beta1",
    "listers/autoscaling/v2beta2",
    "listers/batch/v1",
    "listers/batch/v1beta1",
    "listers/batch/v2alpha1",
    "listers/certificates/v1beta1",
    "listers/coordination/v1beta1",
    "listers/core/v1",
    "listers/events/v1beta1",
    "listers/extensions/v1beta1",
    "listers/networking/v1",
    "listers/policy/v1beta1",
    "listers/rbac/v1",
    "listers/rbac/v1alpha1",
    "listers/rbac/v1beta1",
    "listers/scheduling/v1alpha1",
    "listers/scheduling/v1beta1",
    "listers/settings/v1alpha1",
    "listers/storage/v1",
    "listers/storage/v1alpha1",
    "listers/storage/v1beta1",
    "pkg/apis/clientauthentication",
    "pkg/apis/clientauthentication/v1alpha1",
    "pkg/apis/clientauthentication/v1beta1",
    "pkg/version",
    "plugin/pkg/client/auth/exec",
    "plugin/pkg/client/auth/gcp",
    "rest",
    "rest/watch",
    "restmapper",
    "testing",
    "third_party/forked/golang/template",
    "tools/auth",
    "tools/cache",
    "tools/clientcmd",
    "tools/clientcmd/api",
    "tools/clientcmd/api/latest",
    "tools/clientcmd/api/v1",
    "tools/leaderelection",
    "tools/leaderelection/resourcelock",
    "tools/metrics",
    "tools/pager",
    "tools/record",
    "tools/reference",
    "transport",
    "util/buffer",
    "util/cert",
    "util/connrotation",
    "util/flowcontrol",
    "util/homedir",
    "util/integer",
    "util/jsonpath",
    "util/retry",
    "util/workqueue",
  ]
  pruneopts = ""
  revision = "78295b709ec6fa5be12e35892477a326dea2b5d3"
  version = "kubernetes-1.12.6"

[[projects]]
  digest = "1:8108815d1aef9159daabdb3f0fcef04a88765536daf0c0cd29a31fdba135ee54"
  name = "k8s.io/code-generator"
  packages = [
    "cmd/client-gen/generators/util",
    "cmd/client-gen/types",
    "cmd/deepcopy-gen",
    "cmd/deepcopy-gen/args",
    "pkg/util",
  ]
  pruneopts = ""
  revision = "b1289fc74931d4b6b04bd1a259acfc88a2cb0a66"
  version = "kubernetes-1.12.6"

[[projects]]
  branch = "master"
  digest = "1:6a2a63e09a59caff3fd2d36d69b7b92c2fe7cf783390f0b7349fb330820f9a8e"
  name = "k8s.io/gengo"
  packages = [
    "args",
    "examples/deepcopy-gen/generators",
    "examples/set-gen/sets",
    "generator",
    "namer",
    "parser",
    "types",
  ]
  pruneopts = ""
  revision = "e17681d19d3ac4837a019ece36c2a0ec31ffe985"

[[projects]]
  digest = "1:9eaf86f4f6fb4a8f177220d488ef1e3255d06a691cca95f14ef085d4cd1cef3c"
  name = "k8s.io/klog"
  packages = ["."]
  pruneopts = ""
  revision = "d98d8acdac006fb39831f1b25640813fef9c314f"
  version = "v0.3.3"

[[projects]]
  branch = "master"
  digest = "1:19a57835b928c382c565d46b140f60b620c8a165dd57c7abfa519f0c82381eb1"
  name = "k8s.io/kube-openapi"
  packages = ["pkg/util/proto"]
  pruneopts = ""
  revision = "33be087ad058f99c78e067996202b60230737e49"

[[projects]]
  branch = "master"
  digest = "1:fd362ba517bfa782235b23c980d4ace6349a184d015a1523b1509de6a798b910"
  name = "knative.dev/pkg"
  packages = [
    "changeset",
    "codegen/cmd/injection-gen",
    "codegen/cmd/injection-gen/args",
    "codegen/cmd/injection-gen/generators",
    "configmap",
    "controller",
    "injection",
    "kmeta",
    "logging",
    "logging/logkey",
    "metrics",
    "metrics/metricskey",
  ]
  pruneopts = ""
  revision = "7a85e28f40120b4c632c0e7965fcbc768a52478c"

[[projects]]
  digest = "1:710d4000db1c1e3e3b11b17ffe92a8bebb29ea01e12c46070b360648db0f8742"
  name = "sigs.k8s.io/controller-runtime"
  packages = [
    "pkg/cache",
    "pkg/cache/internal",
    "pkg/client",
    "pkg/client/apiutil",
    "pkg/client/config",
    "pkg/controller/controllerutil",
    "pkg/internal/recorder",
    "pkg/leaderelection",
    "pkg/manager",
    "pkg/metrics",
    "pkg/patch",
    "pkg/recorder",
    "pkg/runtime/inject",
    "pkg/runtime/log",
    "pkg/runtime/scheme",
    "pkg/runtime/signals",
    "pkg/webhook/admission",
    "pkg/webhook/admission/types",
    "pkg/webhook/internal/metrics",
    "pkg/webhook/types",
  ]
  pruneopts = ""
  revision = "f6f0bc9611363b43664d08fb097ab13243ef621d"
  version = "v0.1.9"

[solve-meta]
  analyzer-name = "dep"
  analyzer-version = 1
  input-imports = [
    "github.com/cloudevents/sdk-go/pkg/cloudevents",
    "github.com/cloudevents/sdk-go/pkg/cloudevents/client",
    "github.com/cloudevents/sdk-go/pkg/cloudevents/transport/http",
    "github.com/cloudevents/sdk-go/pkg/cloudevents/types",
    "github.com/google/go-cmp/cmp",
    "github.com/google/go-cmp/cmp/cmpopts",
    "github.com/knative/eventing-sources/pkg/kncloudevents",
    "github.com/knative/pkg/apis/duck",
    "github.com/knative/pkg/apis/duck/v1alpha1",
    "github.com/knative/pkg/logging",
    "github.com/knative/pkg/logging/logkey",
    "github.com/knative/test-infra/scripts",
    "github.com/knative/test-infra/tools/dep-collector",
    "github.com/xanzy/go-gitlab",
    "go.uber.org/zap",
    "go.uber.org/zap/zapcore",
    "gopkg.in/go-playground/webhooks.v5/gitlab",
    "k8s.io/api/core/v1",
    "k8s.io/apimachinery/pkg/api/errors",
    "k8s.io/apimachinery/pkg/api/meta",
    "k8s.io/apimachinery/pkg/apis/meta/v1",
    "k8s.io/apimachinery/pkg/apis/meta/v1/unstructured",
    "k8s.io/apimachinery/pkg/labels",
    "k8s.io/apimachinery/pkg/runtime",
    "k8s.io/apimachinery/pkg/runtime/schema",
    "k8s.io/apimachinery/pkg/runtime/serializer",
    "k8s.io/apimachinery/pkg/types",
    "k8s.io/apimachinery/pkg/util/runtime",
    "k8s.io/apimachinery/pkg/util/sets",
    "k8s.io/apimachinery/pkg/watch",
    "k8s.io/client-go/discovery",
    "k8s.io/client-go/discovery/fake",
    "k8s.io/client-go/kubernetes/scheme",
    "k8s.io/client-go/plugin/pkg/client/auth/gcp",
    "k8s.io/client-go/rest",
    "k8s.io/client-go/testing",
    "k8s.io/client-go/tools/cache",
    "k8s.io/client-go/tools/record",
    "k8s.io/client-go/util/flowcontrol",
    "k8s.io/code-generator/cmd/deepcopy-gen",
    "knative.dev/pkg/codegen/cmd/injection-gen",
    "knative.dev/pkg/controller",
    "knative.dev/pkg/injection",
    "knative.dev/pkg/logging",
    "sigs.k8s.io/controller-runtime/pkg/client",
    "sigs.k8s.io/controller-runtime/pkg/client/config",
    "sigs.k8s.io/controller-runtime/pkg/controller/controllerutil",
    "sigs.k8s.io/controller-runtime/pkg/manager",
    "sigs.k8s.io/controller-runtime/pkg/runtime/scheme",
    "sigs.k8s.io/controller-runtime/pkg/runtime/signals",
  ]
  solver-name = "gps-cdcl"
  solver-version = 1
